{
  "nodes": {
    "flake-utils": {
      "locked": {
        "lastModified": 1610051610,
        "narHash": "sha256-U9rPz/usA1/Aohhk7Cmc2gBrEEKRzcW4nwPWMPwja4Y=",
        "owner": "numtide",
        "repo": "flake-utils",
        "rev": "3982c9903e93927c2164caa727cd3f6a0e6d14cc",
        "type": "github"
      },
      "original": {
        "owner": "numtide",
        "repo": "flake-utils",
        "type": "github"
      }
    },
    "flake-utils_2": {
      "locked": {
        "lastModified": 1596290160,
        "narHash": "sha256-QNXPeCiLKfLH6G6TtyuxZ14Zm+ZMxBaQ0Klccq+2RfM=",
        "owner": "numtide",
        "repo": "flake-utils",
        "rev": "0c686c77c4ac6f7add3262107685693ada8ae3b0",
        "type": "github"
      },
      "original": {
        "owner": "numtide",
        "repo": "flake-utils",
        "type": "github"
      }
    },
    "flake-utils_3": {
      "locked": {
        "lastModified": 1609246779,
        "narHash": "sha256-eq6ZXE/VWo3EMC65jmIT6H/rrUc9UWOWVujkzav025k=",
        "owner": "numtide",
        "repo": "flake-utils",
        "rev": "08c7ad4a0844adc4a7f9f5bb3beae482e789afa4",
        "type": "github"
      },
      "original": {
        "owner": "numtide",
        "repo": "flake-utils",
        "type": "github"
      }
    },
    "nixpkgs": {
      "locked": {
        "lastModified": 1605721780,
        "narHash": "sha256-MhaNS4HGHcOCwW+HadSxustHTzD1LWznh584eYBvJ5Q=",
        "owner": "NixOS",
        "repo": "nixpkgs",
        "rev": "58f9c4c7d3a42c912362ca68577162e38ea8edfb",
        "type": "github"
      },
      "original": {
        "owner": "NixOS",
        "ref": "nixos-20.09",
        "repo": "nixpkgs",
        "type": "github"
      }
    },
    "pebble": {
      "inputs": {
        "flake-utils": "flake-utils_2",
        "nixpkgs": [
          "nixpkgs"
        ]
      },
      "locked": {
        "lastModified": 1602307505,
        "narHash": "sha256-AAcLHsshgQBRAYtQ0kIgkYQAP/Ei/5GMu/nPVSIg2iM=",
        "owner": "Sorixelle",
        "repo": "pebble.nix",
        "rev": "b0dd89d4d3b6647877141acc1e3872baaffed0b3",
        "type": "github"
      },
      "original": {
        "owner": "Sorixelle",
        "repo": "pebble.nix",
        "type": "github"
      }
    },
    "root": {
      "inputs": {
        "flake-utils": "flake-utils",
        "nixpkgs": "nixpkgs",
        "pebble": "pebble",
        "rust-overlay": "rust-overlay"
      }
    },
    "rust-overlay": {
      "inputs": {
        "flake-utils": "flake-utils_3",
        "nixpkgs": [
          "nixpkgs"
        ]
      },
      "locked": {
        "lastModified": 1611628586,
        "narHash": "sha256-eu7lpiprPrlIGYslZlip0wVPSFHj03le1AlNSpQmy4s=",
        "owner": "oxalica",
        "repo": "rust-overlay",
        "rev": "7e544ebeff34c87c1d8eccce4bf17883d607630d",
        "type": "github"
      },
      "original": {
        "owner": "oxalica",
        "repo": "rust-overlay",
        "type": "github"
      }
    }
  },
  "root": "root",
  "version": 7
}
