{
  "nodes": {
    "flake-utils": {
      "locked": {
        "lastModified": 1610051610,
        "narHash": "sha256-U9rPz/usA1/Aohhk7Cmc2gBrEEKRzcW4nwPWMPwja4Y=",
        "owner": "numtide",
        "repo": "flake-utils",
        "rev": "3982c9903e93927c2164caa727cd3f6a0e6d14cc",
        "type": "github"
      },
      "original": {
        "owner": "numtide",
        "repo": "flake-utils",
        "type": "github"
      }
    },
    "flake-utils_2": {
      "locked": {
        "lastModified": 1596290160,
        "narHash": "sha256-QNXPeCiLKfLH6G6TtyuxZ14Zm+ZMxBaQ0Klccq+2RfM=",
        "owner": "numtide",
        "repo": "flake-utils",
        "rev": "0c686c77c4ac6f7add3262107685693ada8ae3b0",
        "type": "github"
      },
      "original": {
        "owner": "numtide",
        "repo": "flake-utils",
        "type": "github"
      }
    },
    "nixpkgs": {
      "locked": {
        "lastModified": 1597596130,
        "narHash": "sha256-CnRN6vIcPm5O+Piw9Nw+n9CFrvtXUc18Az7B6NqVgWM=",
        "owner": "NixOS",
        "repo": "nixpkgs",
        "rev": "16fc531784ac226fb268cc59ad573d2746c109c1",
        "type": "github"
      },
      "original": {
        "owner": "NixOS",
        "ref": "nixos-unstable",
        "repo": "nixpkgs",
        "type": "github"
      }
    },
    "pebble": {
      "inputs": {
        "flake-utils": "flake-utils_2",
        "nixpkgs": "nixpkgs"
      },
      "locked": {
        "lastModified": 1602307505,
        "narHash": "sha256-AAcLHsshgQBRAYtQ0kIgkYQAP/Ei/5GMu/nPVSIg2iM=",
        "owner": "Sorixelle",
        "repo": "pebble.nix",
        "rev": "b0dd89d4d3b6647877141acc1e3872baaffed0b3",
        "type": "github"
      },
      "original": {
        "owner": "Sorixelle",
        "repo": "pebble.nix",
        "type": "github"
      }
    },
    "root": {
      "inputs": {
        "flake-utils": "flake-utils",
        "pebble": "pebble"
      }
    }
  },
  "root": "root",
  "version": 7
}
